# model|repository|revision|remote_path|local_path|size|sha256|profile
bge-m3|BAAI/bge-m3|e44369c5623cc146f016da906583db4ee0e3488d|onnx/config.json|onnx/config.json|698|f24afd5de914fba8c668426c43d208a1a54022500c63b2c160be20891686fce8|common
bge-m3|BAAI/bge-m3|e44369c5623cc146f016da906583db4ee0e3488d|onnx/sentencepiece.bpe.model|onnx/sentencepiece.bpe.model|5069051|cfc8146abe2a0488e9e2a0c56de7952f7c11ab059eca145a0a727afce0db2865|common
bge-m3|BAAI/bge-m3|e44369c5623cc146f016da906583db4ee0e3488d|onnx/special_tokens_map.json|onnx/special_tokens_map.json|964|8c785abebea9ae3257b61681b4e6fd8365ceafde980c21970d001e834cf10835|common
bge-m3|BAAI/bge-m3|e44369c5623cc146f016da906583db4ee0e3488d|onnx/tokenizer.json|onnx/tokenizer.json|17082821|6710678b12670bc442b99edc952c4d996ae309a7020c1fa0096dd245c2faf790|common
bge-m3|BAAI/bge-m3|e44369c5623cc146f016da906583db4ee0e3488d|onnx/tokenizer_config.json|onnx/tokenizer_config.json|1173|7e4c1cc848840aeccdd763458c18dd525eb0f795c992e00ebe9c28554e7db2d4|common
bge-m3|BAAI/bge-m3|e44369c5623cc146f016da906583db4ee0e3488d|colbert_linear.pt|colbert_linear.pt|2100674|19bfbae397c2b7524158c919d0e9b19393c5639d098f0a66932c91ed8f5f9abb|common
bge-m3|BAAI/bge-m3|e44369c5623cc146f016da906583db4ee0e3488d|sparse_linear.pt|sparse_linear.pt|3516|45c93804d2142b8f6d7ec6914ae23a1eee9c6a1d27d83d908a20d2afb3595ad9|common
bge-m3|Xenova/bge-m3|3fa3a927e7bc973ae751a8add34455b52d915ac0|onnx/sentence_transformers_int8.onnx|onnx/model.onnx|568599071|e5b42096865cef734247dd8c7a44e35d305b70ba0c3736758065e1cad50f6453|cpu-int8
bge-m3|Xenova/bge-m3|3fa3a927e7bc973ae751a8add34455b52d915ac0|onnx/sentence_transformers_fp16.onnx|onnx/model.onnx|1134137521|06ee3dee19cfc2e01a6cc44e3d97ac787dfa2ae554373638ff024f1ae4593970|accelerator-fp16
bge-m3|mlx-community/bge-m3-mlx-8bit|8273f354c222397b0ffeb5f053d3e810aa485ce9|config.json|metal/config.json|814|4603d4b7f4ed1c9aa3590c279d0558d426264463403847d293f66ade9f23dc1b|metal-int8
bge-m3|mlx-community/bge-m3-mlx-8bit|8273f354c222397b0ffeb5f053d3e810aa485ce9|model.safetensors|metal/model.safetensors|603620090|57b597e5aa8c102c2698cc0915760a839e4c1a30bff0a46d7883d27d3f010720|metal-int8
bge-m3|mlx-community/bge-m3-mlx-8bit|8273f354c222397b0ffeb5f053d3e810aa485ce9|model.safetensors.index.json|metal/model.safetensors.index.json|51249|40240743a3a26832574855f41cf9a1babbd5b7ffa71cc462aa058be26f931883|metal-int8
